
Microsoft Visual Studio Solution File, Format Version 12.00
# Visual Studio 15
VisualStudioVersion = 15.0.26430.14
MinimumVisualStudioVersion = 10.0.40219.1
Project("{FAE04EC0-301F-11D3-BF4B-00C04F79EFBC}") = "Random_Scales_iOS", "Random_Scales\Random_Scales_iOS.csproj", "{B2762520-87F4-43BE-9D65-A902C9049E13}"
EndProject
Project("{FAE04EC0-301F-11D3-BF4B-00C04F79EFBC}") = "Random_Scales_Andriod", "Random_Scales_Andriod\Random_Scales_Andriod.csproj", "{AA670EF5-54AD-41F0-A2AA-4B52188B1F3F}"
EndProject
Project("{FAE04EC0-301F-11D3-BF4B-00C04F79EFBC}") = "Scales.Core", "Scales.Core\Scales.Core.csproj", "{67F9D3A8-F71E-4428-913F-C37AE82CDB24}"
EndProject
Global
	GlobalSection(SolutionConfigurationPlatforms) = preSolution
		Debug|Any CPU = Debug|Any CPU
		Debug|iPhone = Debug|iPhone
		Debug|iPhoneSimulator = Debug|iPhoneSimulator
		Release|Any CPU = Release|Any CPU
		Release|iPhone = Release|iPhone
		Release|iPhoneSimulator = Release|iPhoneSimulator
	EndGlobalSection
	GlobalSection(ProjectConfigurationPlatforms) = postSolution
		{B2762520-87F4-43BE-9D65-A902C9049E13}.Debug|Any CPU.ActiveCfg = Debug|iPhoneSimulator
		{B2762520-87F4-43BE-9D65-A902C9049E13}.Debug|iPhone.ActiveCfg = Debug|iPhone
		{B2762520-87F4-43BE-9D65-A902C9049E13}.Debug|iPhone.Build.0 = Debug|iPhone
		{B2762520-87F4-43BE-9D65-A902C9049E13}.Debug|iPhoneSimulator.ActiveCfg = Debug|iPhoneSimulator
		{B2762520-87F4-43BE-9D65-A902C9049E13}.Debug|iPhoneSimulator.Build.0 = Debug|iPhoneSimulator
		{B2762520-87F4-43BE-9D65-A902C9049E13}.Release|Any CPU.ActiveCfg = Release|iPhoneSimulator
		{B2762520-87F4-43BE-9D65-A902C9049E13}.Release|iPhone.ActiveCfg = Release|iPhone
		{B2762520-87F4-43BE-9D65-A902C9049E13}.Release|iPhone.Build.0 = Release|iPhone
		{B2762520-87F4-43BE-9D65-A902C9049E13}.Release|iPhoneSimulator.ActiveCfg = Release|iPhoneSimulator
		{B2762520-87F4-43BE-9D65-A902C9049E13}.Release|iPhoneSimulator.Build.0 = Release|iPhoneSimulator
		{AA670EF5-54AD-41F0-A2AA-4B52188B1F3F}.Debug|Any CPU.ActiveCfg = Debug|Any CPU
		{AA670EF5-54AD-41F0-A2AA-4B52188B1F3F}.Debug|Any CPU.Build.0 = Debug|Any CPU
		{AA670EF5-54AD-41F0-A2AA-4B52188B1F3F}.Debug|Any CPU.Deploy.0 = Debug|Any CPU
		{AA670EF5-54AD-41F0-A2AA-4B52188B1F3F}.Debug|iPhone.ActiveCfg = Debug|Any CPU
		{AA670EF5-54AD-41F0-A2AA-4B52188B1F3F}.Debug|iPhone.Build.0 = Debug|Any CPU
		{AA670EF5-54AD-41F0-A2AA-4B52188B1F3F}.Debug|iPhone.Deploy.0 = Debug|Any CPU
		{AA670EF5-54AD-41F0-A2AA-4B52188B1F3F}.Debug|iPhoneSimulator.ActiveCfg = Debug|Any CPU
		{AA670EF5-54AD-41F0-A2AA-4B52188B1F3F}.Debug|iPhoneSimulator.Build.0 = Debug|Any CPU
		{AA670EF5-54AD-41F0-A2AA-4B52188B1F3F}.Debug|iPhoneSimulator.Deploy.0 = Debug|Any CPU
		{AA670EF5-54AD-41F0-A2AA-4B52188B1F3F}.Release|Any CPU.ActiveCfg = Release|Any CPU
		{AA670EF5-54AD-41F0-A2AA-4B52188B1F3F}.Release|Any CPU.Build.0 = Release|Any CPU
		{AA670EF5-54AD-41F0-A2AA-4B52188B1F3F}.Release|Any CPU.Deploy.0 = Release|Any CPU
		{AA670EF5-54AD-41F0-A2AA-4B52188B1F3F}.Release|iPhone.ActiveCfg = Release|Any CPU
		{AA670EF5-54AD-41F0-A2AA-4B52188B1F3F}.Release|iPhone.Build.0 = Release|Any CPU
		{AA670EF5-54AD-41F0-A2AA-4B52188B1F3F}.Release|iPhone.Deploy.0 = Release|Any CPU
		{AA670EF5-54AD-41F0-A2AA-4B52188B1F3F}.Release|iPhoneSimulator.ActiveCfg = Release|Any CPU
		{AA670EF5-54AD-41F0-A2AA-4B52188B1F3F}.Release|iPhoneSimulator.Build.0 = Release|Any CPU
		{AA670EF5-54AD-41F0-A2AA-4B52188B1F3F}.Release|iPhoneSimulator.Deploy.0 = Release|Any CPU
		{67F9D3A8-F71E-4428-913F-C37AE82CDB24}.Debug|Any CPU.ActiveCfg = Debug|Any CPU
		{67F9D3A8-F71E-4428-913F-C37AE82CDB24}.Debug|Any CPU.Build.0 = Debug|Any CPU
		{67F9D3A8-F71E-4428-913F-C37AE82CDB24}.Debug|iPhone.ActiveCfg = Debug|Any CPU
		{67F9D3A8-F71E-4428-913F-C37AE82CDB24}.Debug|iPhone.Build.0 = Debug|Any CPU
		{67F9D3A8-F71E-4428-913F-C37AE82CDB24}.Debug|iPhoneSimulator.ActiveCfg = Debug|Any CPU
		{67F9D3A8-F71E-4428-913F-C37AE82CDB24}.Debug|iPhoneSimulator.Build.0 = Debug|Any CPU
		{67F9D3A8-F71E-4428-913F-C37AE82CDB24}.Release|Any CPU.ActiveCfg = Release|Any CPU
		{67F9D3A8-F71E-4428-913F-C37AE82CDB24}.Release|Any CPU.Build.0 = Release|Any CPU
		{67F9D3A8-F71E-4428-913F-C37AE82CDB24}.Release|iPhone.ActiveCfg = Release|Any CPU
		{67F9D3A8-F71E-4428-913F-C37AE82CDB24}.Release|iPhone.Build.0 = Release|Any CPU
		{67F9D3A8-F71E-4428-913F-C37AE82CDB24}.Release|iPhoneSimulator.ActiveCfg = Release|Any CPU
		{67F9D3A8-F71E-4428-913F-C37AE82CDB24}.Release|iPhoneSimulator.Build.0 = Release|Any CPU
	EndGlobalSection
	GlobalSection(SolutionProperties) = preSolution
		HideSolutionNode = FALSE
	EndGlobalSection
EndGlobal
