
Microsoft Visual Studio Solution File, Format Version 12.00
# Visual Studio 15
VisualStudioVersion = 15.0.26430.13
MinimumVisualStudioVersion = 10.0.40219.1
Project("{FAE04EC0-301F-11D3-BF4B-00C04F79EFBC}") = "MobileApplication.Android", "MobileApplication\MobileApplication.Android\MobileApplication.Android.csproj", "{65E6CFA0-2636-4E33-80E8-18DE0055C914}"
EndProject
Project("{FAE04EC0-301F-11D3-BF4B-00C04F79EFBC}") = "MobileApplication", "MobileApplication\MobileApplication\MobileApplication.csproj", "{507B8E2D-1E62-4D49-A571-D65337E420CC}"
EndProject
Project("{FAE04EC0-301F-11D3-BF4B-00C04F79EFBC}") = "MobileApplication.iOS", "MobileApplication\MobileApplication.iOS\MobileApplication.iOS.csproj", "{00766273-B6BD-4B71-9C7C-62F16E7ACC84}"
EndProject
Global
	GlobalSection(SolutionConfigurationPlatforms) = preSolution
		Ad-Hoc|Any CPU = Ad-Hoc|Any CPU
		Ad-Hoc|iPhone = Ad-Hoc|iPhone
		Ad-Hoc|iPhoneSimulator = Ad-Hoc|iPhoneSimulator
		AppStore|Any CPU = AppStore|Any CPU
		AppStore|iPhone = AppStore|iPhone
		AppStore|iPhoneSimulator = AppStore|iPhoneSimulator
		Debug|Any CPU = Debug|Any CPU
		Debug|iPhone = Debug|iPhone
		Debug|iPhoneSimulator = Debug|iPhoneSimulator
		Release|Any CPU = Release|Any CPU
		Release|iPhone = Release|iPhone
		Release|iPhoneSimulator = Release|iPhoneSimulator
	EndGlobalSection
	GlobalSection(ProjectConfigurationPlatforms) = postSolution
		{65E6CFA0-2636-4E33-80E8-18DE0055C914}.Ad-Hoc|Any CPU.ActiveCfg = Release|Any CPU
		{65E6CFA0-2636-4E33-80E8-18DE0055C914}.Ad-Hoc|Any CPU.Build.0 = Release|Any CPU
		{65E6CFA0-2636-4E33-80E8-18DE0055C914}.Ad-Hoc|Any CPU.Deploy.0 = Release|Any CPU
		{65E6CFA0-2636-4E33-80E8-18DE0055C914}.Ad-Hoc|iPhone.ActiveCfg = Release|Any CPU
		{65E6CFA0-2636-4E33-80E8-18DE0055C914}.Ad-Hoc|iPhone.Build.0 = Release|Any CPU
		{65E6CFA0-2636-4E33-80E8-18DE0055C914}.Ad-Hoc|iPhone.Deploy.0 = Release|Any CPU
		{65E6CFA0-2636-4E33-80E8-18DE0055C914}.Ad-Hoc|iPhoneSimulator.ActiveCfg = Release|Any CPU
		{65E6CFA0-2636-4E33-80E8-18DE0055C914}.Ad-Hoc|iPhoneSimulator.Build.0 = Release|Any CPU
		{65E6CFA0-2636-4E33-80E8-18DE0055C914}.Ad-Hoc|iPhoneSimulator.Deploy.0 = Release|Any CPU
		{65E6CFA0-2636-4E33-80E8-18DE0055C914}.AppStore|Any CPU.ActiveCfg = Release|Any CPU
		{65E6CFA0-2636-4E33-80E8-18DE0055C914}.AppStore|Any CPU.Build.0 = Release|Any CPU
		{65E6CFA0-2636-4E33-80E8-18DE0055C914}.AppStore|Any CPU.Deploy.0 = Release|Any CPU
		{65E6CFA0-2636-4E33-80E8-18DE0055C914}.AppStore|iPhone.ActiveCfg = Release|Any CPU
		{65E6CFA0-2636-4E33-80E8-18DE0055C914}.AppStore|iPhone.Build.0 = Release|Any CPU
		{65E6CFA0-2636-4E33-80E8-18DE0055C914}.AppStore|iPhone.Deploy.0 = Release|Any CPU
		{65E6CFA0-2636-4E33-80E8-18DE0055C914}.AppStore|iPhoneSimulator.ActiveCfg = Release|Any CPU
		{65E6CFA0-2636-4E33-80E8-18DE0055C914}.AppStore|iPhoneSimulator.Build.0 = Release|Any CPU
		{65E6CFA0-2636-4E33-80E8-18DE0055C914}.AppStore|iPhoneSimulator.Deploy.0 = Release|Any CPU
		{65E6CFA0-2636-4E33-80E8-18DE0055C914}.Debug|Any CPU.ActiveCfg = Debug|Any CPU
		{65E6CFA0-2636-4E33-80E8-18DE0055C914}.Debug|Any CPU.Build.0 = Debug|Any CPU
		{65E6CFA0-2636-4E33-80E8-18DE0055C914}.Debug|Any CPU.Deploy.0 = Debug|Any CPU
		{65E6CFA0-2636-4E33-80E8-18DE0055C914}.Debug|iPhone.ActiveCfg = Debug|Any CPU
		{65E6CFA0-2636-4E33-80E8-18DE0055C914}.Debug|iPhone.Build.0 = Debug|Any CPU
		{65E6CFA0-2636-4E33-80E8-18DE0055C914}.Debug|iPhone.Deploy.0 = Debug|Any CPU
		{65E6CFA0-2636-4E33-80E8-18DE0055C914}.Debug|iPhoneSimulator.ActiveCfg = Debug|Any CPU
		{65E6CFA0-2636-4E33-80E8-18DE0055C914}.Debug|iPhoneSimulator.Build.0 = Debug|Any CPU
		{65E6CFA0-2636-4E33-80E8-18DE0055C914}.Debug|iPhoneSimulator.Deploy.0 = Debug|Any CPU
		{65E6CFA0-2636-4E33-80E8-18DE0055C914}.Release|Any CPU.ActiveCfg = Release|Any CPU
		{65E6CFA0-2636-4E33-80E8-18DE0055C914}.Release|Any CPU.Build.0 = Release|Any CPU
		{65E6CFA0-2636-4E33-80E8-18DE0055C914}.Release|Any CPU.Deploy.0 = Release|Any CPU
		{65E6CFA0-2636-4E33-80E8-18DE0055C914}.Release|iPhone.ActiveCfg = Release|Any CPU
		{65E6CFA0-2636-4E33-80E8-18DE0055C914}.Release|iPhone.Build.0 = Release|Any CPU
		{65E6CFA0-2636-4E33-80E8-18DE0055C914}.Release|iPhone.Deploy.0 = Release|Any CPU
		{65E6CFA0-2636-4E33-80E8-18DE0055C914}.Release|iPhoneSimulator.ActiveCfg = Release|Any CPU
		{65E6CFA0-2636-4E33-80E8-18DE0055C914}.Release|iPhoneSimulator.Build.0 = Release|Any CPU
		{65E6CFA0-2636-4E33-80E8-18DE0055C914}.Release|iPhoneSimulator.Deploy.0 = Release|Any CPU
		{507B8E2D-1E62-4D49-A571-D65337E420CC}.Ad-Hoc|Any CPU.ActiveCfg = Release|Any CPU
		{507B8E2D-1E62-4D49-A571-D65337E420CC}.Ad-Hoc|Any CPU.Build.0 = Release|Any CPU
		{507B8E2D-1E62-4D49-A571-D65337E420CC}.Ad-Hoc|iPhone.ActiveCfg = Release|Any CPU
		{507B8E2D-1E62-4D49-A571-D65337E420CC}.Ad-Hoc|iPhone.Build.0 = Release|Any CPU
		{507B8E2D-1E62-4D49-A571-D65337E420CC}.Ad-Hoc|iPhoneSimulator.ActiveCfg = Release|Any CPU
		{507B8E2D-1E62-4D49-A571-D65337E420CC}.Ad-Hoc|iPhoneSimulator.Build.0 = Release|Any CPU
		{507B8E2D-1E62-4D49-A571-D65337E420CC}.AppStore|Any CPU.ActiveCfg = Release|Any CPU
		{507B8E2D-1E62-4D49-A571-D65337E420CC}.AppStore|Any CPU.Build.0 = Release|Any CPU
		{507B8E2D-1E62-4D49-A571-D65337E420CC}.AppStore|iPhone.ActiveCfg = Release|Any CPU
		{507B8E2D-1E62-4D49-A571-D65337E420CC}.AppStore|iPhone.Build.0 = Release|Any CPU
		{507B8E2D-1E62-4D49-A571-D65337E420CC}.AppStore|iPhoneSimulator.ActiveCfg = Release|Any CPU
		{507B8E2D-1E62-4D49-A571-D65337E420CC}.AppStore|iPhoneSimulator.Build.0 = Release|Any CPU
		{507B8E2D-1E62-4D49-A571-D65337E420CC}.Debug|Any CPU.ActiveCfg = Debug|Any CPU
		{507B8E2D-1E62-4D49-A571-D65337E420CC}.Debug|Any CPU.Build.0 = Debug|Any CPU
		{507B8E2D-1E62-4D49-A571-D65337E420CC}.Debug|iPhone.ActiveCfg = Debug|Any CPU
		{507B8E2D-1E62-4D49-A571-D65337E420CC}.Debug|iPhone.Build.0 = Debug|Any CPU
		{507B8E2D-1E62-4D49-A571-D65337E420CC}.Debug|iPhoneSimulator.ActiveCfg = Debug|Any CPU
		{507B8E2D-1E62-4D49-A571-D65337E420CC}.Debug|iPhoneSimulator.Build.0 = Debug|Any CPU
		{507B8E2D-1E62-4D49-A571-D65337E420CC}.Release|Any CPU.ActiveCfg = Release|Any CPU
		{507B8E2D-1E62-4D49-A571-D65337E420CC}.Release|Any CPU.Build.0 = Release|Any CPU
		{507B8E2D-1E62-4D49-A571-D65337E420CC}.Release|iPhone.ActiveCfg = Release|Any CPU
		{507B8E2D-1E62-4D49-A571-D65337E420CC}.Release|iPhone.Build.0 = Release|Any CPU
		{507B8E2D-1E62-4D49-A571-D65337E420CC}.Release|iPhoneSimulator.ActiveCfg = Release|Any CPU
		{507B8E2D-1E62-4D49-A571-D65337E420CC}.Release|iPhoneSimulator.Build.0 = Release|Any CPU
		{00766273-B6BD-4B71-9C7C-62F16E7ACC84}.Ad-Hoc|Any CPU.ActiveCfg = Ad-Hoc|iPhone
		{00766273-B6BD-4B71-9C7C-62F16E7ACC84}.Ad-Hoc|iPhone.ActiveCfg = Ad-Hoc|iPhone
		{00766273-B6BD-4B71-9C7C-62F16E7ACC84}.Ad-Hoc|iPhone.Build.0 = Ad-Hoc|iPhone
		{00766273-B6BD-4B71-9C7C-62F16E7ACC84}.Ad-Hoc|iPhoneSimulator.ActiveCfg = Ad-Hoc|iPhoneSimulator
		{00766273-B6BD-4B71-9C7C-62F16E7ACC84}.Ad-Hoc|iPhoneSimulator.Build.0 = Ad-Hoc|iPhoneSimulator
		{00766273-B6BD-4B71-9C7C-62F16E7ACC84}.AppStore|Any CPU.ActiveCfg = AppStore|iPhone
		{00766273-B6BD-4B71-9C7C-62F16E7ACC84}.AppStore|iPhone.ActiveCfg = AppStore|iPhone
		{00766273-B6BD-4B71-9C7C-62F16E7ACC84}.AppStore|iPhone.Build.0 = AppStore|iPhone
		{00766273-B6BD-4B71-9C7C-62F16E7ACC84}.AppStore|iPhoneSimulator.ActiveCfg = AppStore|iPhoneSimulator
		{00766273-B6BD-4B71-9C7C-62F16E7ACC84}.AppStore|iPhoneSimulator.Build.0 = AppStore|iPhoneSimulator
		{00766273-B6BD-4B71-9C7C-62F16E7ACC84}.Debug|Any CPU.ActiveCfg = Debug|iPhone
		{00766273-B6BD-4B71-9C7C-62F16E7ACC84}.Debug|iPhone.ActiveCfg = Debug|iPhone
		{00766273-B6BD-4B71-9C7C-62F16E7ACC84}.Debug|iPhone.Build.0 = Debug|iPhone
		{00766273-B6BD-4B71-9C7C-62F16E7ACC84}.Debug|iPhoneSimulator.ActiveCfg = Debug|iPhoneSimulator
		{00766273-B6BD-4B71-9C7C-62F16E7ACC84}.Debug|iPhoneSimulator.Build.0 = Debug|iPhoneSimulator
		{00766273-B6BD-4B71-9C7C-62F16E7ACC84}.Release|Any CPU.ActiveCfg = Release|iPhone
		{00766273-B6BD-4B71-9C7C-62F16E7ACC84}.Release|iPhone.ActiveCfg = Release|iPhone
		{00766273-B6BD-4B71-9C7C-62F16E7ACC84}.Release|iPhone.Build.0 = Release|iPhone
		{00766273-B6BD-4B71-9C7C-62F16E7ACC84}.Release|iPhoneSimulator.ActiveCfg = Release|iPhoneSimulator
		{00766273-B6BD-4B71-9C7C-62F16E7ACC84}.Release|iPhoneSimulator.Build.0 = Release|iPhoneSimulator
	EndGlobalSection
	GlobalSection(SolutionProperties) = preSolution
		HideSolutionNode = FALSE
	EndGlobalSection
EndGlobal
